schema: '2.0'
stages:
  data_ingestion:
    cmd: python ./src/data/data_ingestion.py
    deps:
    - path: ./src/data/data_ingestion.py
      hash: md5
      md5: 597834a6bf7f7128b2f287fa73de1547
      size: 3611
  extract_features:
    cmd: python ./src/features/extract_features.py
    deps:
    - path: ./src/features/extract_features.py
      hash: md5
      md5: 31ac1a1f0b824a5f553136d966baec18
      size: 4824
    params:
      params.yaml:
        extract_features.ewma.alpha: 0.4
        extract_features.mini_batch_kmeans.n_clusters: 30
        extract_features.mini_batch_kmeans.n_init: 10
        extract_features.mini_batch_kmeans.random_state: 46
    outs:
    - path: ./data/processed/resampled_data.csv
      hash: md5
      md5: 886e25dac1818052b0c9130d1dd985c5
      size: 8451290
    - path: ./models/mb_kmeans.joblib
      hash: md5
      md5: 558feac289e903b9d08396ffed89c3ee
      size: 143771
    - path: ./models/scaler.joblib
      hash: md5
      md5: b018f036d9481c012637214736b80c05
      size: 999
  feature_processing:
    cmd: python ./src/features/feature_processing.py
    deps:
    - path: ./data/processed/resampled_data.csv
      hash: md5
      md5: 886e25dac1818052b0c9130d1dd985c5
      size: 8451290
    - path: ./src/features/feature_processing.py
      hash: md5
      md5: d2420514bf90c13c57a2ee5a0a8ba700
      size: 2539
    outs:
    - path: ./data/processed/test.csv
      hash: md5
      md5: 12673758fbd990a079335b68fb19370e
      size: 4958811
    - path: ./data/processed/train.csv
      hash: md5
      md5: 2ce523f4ad077efa57c0e57f581e0018
      size: 9555676
  train:
    cmd: python ./src/models/train.py
    deps:
    - path: ./data/processed/train.csv
      hash: md5
      md5: 2ce523f4ad077efa57c0e57f581e0018
      size: 9555676
    - path: ./src/models/train.py
      hash: md5
      md5: ba47377f0341504d8b0c8518e63a5cda
      size: 2314
    outs:
    - path: ./models/encoder.joblib
      hash: md5
      md5: 968b7aec9335d7dc07aac6ba89841a22
      size: 3493
    - path: ./models/model.joblib
      hash: md5
      md5: babbd68295c7b63a94fb394b94efdfdd
      size: 2345
  evaluate:
    cmd: python ./src/models/evaluate.py
    deps:
    - path: ./data/processed/test.csv
      hash: md5
      md5: 12673758fbd990a079335b68fb19370e
      size: 4958811
    - path: ./data/processed/train.csv
      hash: md5
      md5: 2ce523f4ad077efa57c0e57f581e0018
      size: 9555676
    - path: ./models/encoder.joblib
      hash: md5
      md5: 968b7aec9335d7dc07aac6ba89841a22
      size: 3493
    - path: ./models/model.joblib
      hash: md5
      md5: babbd68295c7b63a94fb394b94efdfdd
      size: 2345
    - path: ./src/models/evaluate.py
      hash: md5
      md5: 08607f096a0b6ed18e3b5ec7a801c2f4
      size: 4384
    outs:
    - path: ./run_information.json
      hash: md5
      md5: e557b5afc5194b8eae8e3ade94038dcf
      size: 175
  register_model:
    cmd: python ./src/models/register_model.py
    deps:
    - path: ./run_information.json
      hash: md5
      md5: e557b5afc5194b8eae8e3ade94038dcf
      size: 175
    - path: ./src/models/register_model.py
      hash: md5
      md5: 505cfa1ba2c5915f11affcc698b9084f
      size: 2489
